// !$*UTF8*$!
{
	archiveVersion = 1;
	classes = {
	};
	objectVersion = 46;
	objects = {

/* Begin PBXBuildFile section */
		44DDF8361DF552860076B541 /* AppDelegate.swift in Sources */ = {isa = PBXBuildFile; fileRef = 44DDF8351DF552860076B541 /* AppDelegate.swift */; };
		44DDF8381DF552860076B541 /* ViewController.swift in Sources */ = {isa = PBXBuildFile; fileRef = 44DDF8371DF552860076B541 /* ViewController.swift */; };
		44DDF83B1DF552860076B541 /* Main.storyboard in Resources */ = {isa = PBXBuildFile; fileRef = 44DDF8391DF552860076B541 /* Main.storyboard */; };
		44DDF83D1DF552860076B541 /* Assets.xcassets in Resources */ = {isa = PBXBuildFile; fileRef = 44DDF83C1DF552860076B541 /* Assets.xcassets */; };
		44DDF8401DF552860076B541 /* LaunchScreen.storyboard in Resources */ = {isa = PBXBuildFile; fileRef = 44DDF83E1DF552860076B541 /* LaunchScreen.storyboard */; };
/* End PBXBuildFile section */

/* Begin PBXFileReference section */
		44DDF8321DF552860076B541 /* FacebookLoginApp.app */ = {isa = PBXFileReference; explicitFileType = wrapper.application; includeInIndex = 0; path = FacebookLoginApp.app; sourceTree = BUILT_PRODUCTS_DIR; };
		44DDF8351DF552860076B541 /* AppDelegate.swift */ = {isa = PBXFileReference; lastKnownFileType = sourcecode.swift; path = AppDelegate.swift; sourceTree = "<group>"; };
		44DDF8371DF552860076B541 /* ViewController.swift */ = {isa = PBXFileReference; lastKnownFileType = sourcecode.swift; path = ViewController.swift; sourceTree = "<group>"; };
		44DDF83A1DF552860076B541 /* Base */ = {isa = PBXFileReference; lastKnownFileType = file.storyboard; name = Base; path = Base.lproj/Main.storyboard; sourceTree = "<group>"; };
		44DDF83C1DF552860076B541 /* Assets.xcassets */ = {isa = PBXFileReference; lastKnownFileType = folder.assetcatalog; path = Assets.xcassets; sourceTree = "<group>"; };
		44DDF83F1DF552860076B541 /* Base */ = {isa = PBXFileReference; lastKnownFileType = file.storyboard; name = Base; path = Base.lproj/LaunchScreen.storyboard; sourceTree = "<group>"; };
		44DDF8411DF552860076B541 /* Info.plist */ = {isa = PBXFileReference; lastKnownFileType = text.plist.xml; path = Info.plist; sourceTree = "<group>"; };
/* End PBXFileReference section */

/* Begin PBXFrameworksBuildPhase section */
		44DDF82F1DF552860076B541 /* Frameworks */ = {
			isa = PBXFrameworksBuildPhase;
			buildActionMask = 2147483647;
			files = (
			);
			runOnlyForDeploymentPostprocessing = 0;
		};
/* End PBXFrameworksBuildPhase section */

/* Begin PBXGroup section */
		44DDF8291DF552860076B541 = {
			isa = PBXGroup;
			children = (
				44DDF8341DF552860076B541 /* FacebookLoginApp */,
				44DDF8331DF552860076B541 /* Products */,
			);
			sourceTree = "<group>";
		};
		44DDF8331DF552860076B541 /* Products */ = {
			isa = PBXGroup;
			children = (
				44DDF8321DF552860076B541 /* FacebookLoginApp.app */,
			);
			name = Products;
			sourceTree = "<group>";
		};
		44DDF8341DF552860076B541 /* FacebookLoginApp */ = {
			isa = PBXGroup;
			children = (
				44DDF8351DF552860076B541 /* AppDelegate.swift */,
				44DDF8371DF552860076B541 /* ViewController.swift */,
				44DDF8391DF552860076B541 /* Main.storyboard */,
				44DDF83C1DF552860076B541 /* Assets.xcassets */,
				44DDF83E1DF552860076B541 /* LaunchScreen.storyboard */,
				44DDF8411DF552860076B541 /* Info.plist */,
			);
			path = FacebookLoginApp;
			sourceTree = "<group>";
		};
/* End PBXGroup section */

/* Begin PBXNativeTarget section */
		44DDF8311DF552860076B541 /* FacebookLoginApp */ = {
			isa = PBXNativeTarget;
			buildConfigurationList = 44DDF8441DF552860076B541 /* Build configuration list for PBXNativeTarget "FacebookLoginApp" */;
			buildPhases = (
				44DDF82E1DF552860076B541 /* Sources */,
				44DDF82F1DF552860076B541 /* Frameworks */,
				44DDF8301DF552860076B541 /* Resources */,
			);
			buildRules = (
			);
			dependencies = (
			);
			name = FacebookLoginApp;
			productName = FacebookLoginApp;
			productReference = 44DDF8321DF552860076B541 /* FacebookLoginApp.app */;
			productType = "com.apple.product-type.application";
		};
/* End PBXNativeTarget section */

/* Begin PBXProject section */
		44DDF82A1DF552860076B541 /* Project object */ = {
			isa = PBXProject;
			attributes = {
				LastSwiftUpdateCheck = 0810;
				LastUpgradeCheck = 0810;
				ORGANIZATIONNAME = "eugene golovanov";
				TargetAttributes = {
					44DDF8311DF552860076B541 = {
						CreatedOnToolsVersion = 8.1;
						ProvisioningStyle = Automatic;
					};
				};
			};
			buildConfigurationList = 44DDF82D1DF552860076B541 /* Build configuration list for PBXProject "FacebookLoginApp" */;
			compatibilityVersion = "Xcode 3.2";
			developmentRegion = English;
			hasScannedForEncodings = 0;
			knownRegions = (
				en,
				Base,
			);
			mainGroup = 44DDF8291DF552860076B541;
			productRefGroup = 44DDF8331DF552860076B541 /* Products */;
			projectDirPath = "";
			projectRoot = "";
			targets = (
				44DDF8311DF552860076B541 /* FacebookLoginApp */,
			);
		};
/* End PBXProject section */

/* Begin PBXResourcesBuildPhase section */
		44DDF8301DF552860076B541 /* Resources */ = {
			isa = PBXResourcesBuildPhase;
			buildActionMask = 2147483647;
			files = (
				44DDF8401DF552860076B541 /* LaunchScreen.storyboard in Resources */,
				44DDF83D1DF552860076B541 /* Assets.xcassets in Resources */,
				44DDF83B1DF552860076B541 /* Main.storyboard in Resources */,
			);
			runOnlyForDeploymentPostprocessing = 0;
		};
/* End PBXResourcesBuildPhase section */

/* Begin PBXSourcesBuildPhase section */
		44DDF82E1DF552860076B541 /* Sources */ = {
			isa = PBXSourcesBuildPhase;
			buildActionMask = 2147483647;
			files = (
				44DDF8381DF552860076B541 /* ViewController.swift in Sources */,
				44DDF8361DF552860076B541 /* AppDelegate.swift in Sources */,
			);
			runOnlyForDeploymentPostprocessing = 0;
		};
/* End PBXSourcesBuildPhase section */

/* Begin PBXVariantGroup section */
		44DDF8391DF552860076B541 /* Main.storyboard */ = {
			isa = PBXVariantGroup;
			children = (
				44DDF83A1DF552860076B541 /* Base */,
			);
			name = Main.storyboard;
			sourceTree = "<group>";
		};
		44DDF83E1DF552860076B541 /* LaunchScreen.storyboard */ = {
			isa = PBXVariantGroup;
			children = (
				44DDF83F1DF552860076B541 /* Base */,
			);
			name = LaunchScreen.storyboard;
			sourceTree = "<group>";
		};
/* End PBXVariantGroup section */

/* Begin XCBuildConfiguration section */
		44DDF8421DF552860076B541 /* Debug */ = {
			isa = XCBuildConfiguration;
			buildSettings = {
				ALWAYS_SEARCH_USER_PATHS = NO;
				CLANG_ANALYZER_NONNULL = YES;
				CLANG_CXX_LANGUAGE_STANDARD = "gnu++0x";
				CLANG_CXX_LIBRARY = "libc++";
				CLANG_ENABLE_MODULES = YES;
				CLANG_ENABLE_OBJC_ARC = YES;
				CLANG_WARN_BOOL_CONVERSION = YES;
				CLANG_WARN_CONSTANT_CONVERSION = YES;
				CLANG_WARN_DIRECT_OBJC_ISA_USAGE = YES_ERROR;
				CLANG_WARN_DOCUMENTATION_COMMENTS = YES;
				CLANG_WARN_EMPTY_BODY = YES;
				CLANG_WARN_ENUM_CONVERSION = YES;
				CLANG_WARN_INFINITE_RECURSION = YES;
				CLANG_WARN_INT_CONVERSION = YES;
				CLANG_WARN_OBJC_ROOT_CLASS = YES_ERROR;
				CLANG_WARN_SUSPICIOUS_MOVES = YES;
				CLANG_WARN_UNREACHABLE_CODE = YES;
				CLANG_WARN__DUPLICATE_METHOD_MATCH = YES;
				"CODE_SIGN_IDENTITY[sdk=iphoneos*]" = "iPhone Developer";
				COPY_PHASE_STRIP = NO;
				DEBUG_INFORMATION_FORMAT = dwarf;
				ENABLE_STRICT_OBJC_MSGSEND = YES;
				ENABLE_TESTABILITY = YES;
				GCC_C_LANGUAGE_STANDARD = gnu99;
				GCC_DYNAMIC_NO_PIC = NO;
				GCC_NO_COMMON_BLOCKS = YES;
				GCC_OPTIMIZATION_LEVEL = 0;
				GCC_PREPROCESSOR_DEFINITIONS = (
					"DEBUG=1",
					"$(inherited)",
				);
				GCC_WARN_64_TO_32_BIT_CONVERSION = YES;
				GCC_WARN_ABOUT_RETURN_TYPE = YES_ERROR;
				GCC_WARN_UNDECLARED_SELECTOR = YES;
				GCC_WARN_UNINITIALIZED_AUTOS = YES_AGGRESSIVE;
				GCC_WARN_UNUSED_FUNCTION = YES;
				GCC_WARN_UNUSED_VARIABLE = YES;
				IPHONEOS_DEPLOYMENT_TARGET = 10.1;
				MTL_ENABLE_DEBUG_INFO = YES;
				ONLY_ACTIVE_ARCH = YES;
				SDKROOT = iphoneos;
				SWIFT_ACTIVE_COMPILATION_CONDITIONS = DEBUG;
				SWIFT_OPTIMIZATION_LEVEL = "-Onone";
			};
			name = Debug;
		};
		44DDF8431DF552860076B541 /* Release */ = {
			isa = XCBuildConfiguration;
			buildSettings = {
				ALWAYS_SEARCH_USER_PATHS = NO;
				CLANG_ANALYZER_NONNULL = YES;
				CLANG_CXX_LANGUAGE_STANDARD = "gnu++0x";
				CLANG_CXX_LIBRARY = "libc++";
				CLANG_ENABLE_MODULES = YES;
				CLANG_ENABLE_OBJC_ARC = YES;
				CLANG_WARN_BOOL_CONVERSION = YES;
				CLANG_WARN_CONSTANT_CONVERSION = YES;
				CLANG_WARN_DIRECT_OBJC_ISA_USAGE = YES_ERROR;
				CLANG_WARN_DOCUMENTATION_COMMENTS = YES;
				CLANG_WARN_EMPTY_BODY = YES;
				CLANG_WARN_ENUM_CONVERSION = YES;
				CLANG_WARN_INFINITE_RECURSION = YES;
				CLANG_WARN_INT_CONVERSION = YES;
				CLANG_WARN_OBJC_ROOT_CLASS = YES_ERROR;
				CLANG_WARN_SUSPICIOUS_MOVES = YES;
				CLANG_WARN_UNREACHABLE_CODE = YES;
				CLANG_WARN__DUPLICATE_METHOD_MATCH = YES;
				"CODE_SIGN_IDENTITY[sdk=iphoneos*]" = "iPhone Developer";
				COPY_PHASE_STRIP = NO;
				DEBUG_INFORMATION_FORMAT = "dwarf-with-dsym";
				ENABLE_NS_ASSERTIONS = NO;
				ENABLE_STRICT_OBJC_MSGSEND = YES;
				GCC_C_LANGUAGE_STANDARD = gnu99;
				GCC_NO_COMMON_BLOCKS = YES;
				GCC_WARN_64_TO_32_BIT_CONVERSION = YES;
				GCC_WARN_ABOUT_RETURN_TYPE = YES_ERROR;
				GCC_WARN_UNDECLARED_SELECTOR = YES;
				GCC_WARN_UNINITIALIZED_AUTOS = YES_AGGRESSIVE;
				GCC_WARN_UNUSED_FUNCTION = YES;
				GCC_WARN_UNUSED_VARIABLE = YES;
				IPHONEOS_DEPLOYMENT_TARGET = 10.1;
				MTL_ENABLE_DEBUG_INFO = NO;
				SDKROOT = iphoneos;
				SWIFT_OPTIMIZATION_LEVEL = "-Owholemodule";
				VALIDATE_PRODUCT = YES;
			};
			name = Release;
		};
		44DDF8451DF552860076B541 /* Debug */ = {
			isa = XCBuildConfiguration;
			buildSettings = {
				ASSETCATALOG_COMPILER_APPICON_NAME = AppIcon;
				INFOPLIST_FILE = FacebookLoginApp/Info.plist;
				LD_RUNPATH_SEARCH_PATHS = "$(inherited) @executable_path/Frameworks";
				PRODUCT_BUNDLE_IDENTIFIER = com.evgeniygolovanov.FacebookLoginApp;
				PRODUCT_NAME = "$(TARGET_NAME)";
				SWIFT_VERSION = 3.0;
			};
			name = Debug;
		};
		44DDF8461DF552860076B541 /* Release */ = {
			isa = XCBuildConfiguration;
			buildSettings = {
				ASSETCATALOG_COMPILER_APPICON_NAME = AppIcon;
				INFOPLIST_FILE = FacebookLoginApp/Info.plist;
				LD_RUNPATH_SEARCH_PATHS = "$(inherited) @executable_path/Frameworks";
				PRODUCT_BUNDLE_IDENTIFIER = com.evgeniygolovanov.FacebookLoginApp;
				PRODUCT_NAME = "$(TARGET_NAME)";
				SWIFT_VERSION = 3.0;
			};
			name = Release;
		};
/* End XCBuildConfiguration section */

/* Begin XCConfigurationList section */
		44DDF82D1DF552860076B541 /* Build configuration list for PBXProject "FacebookLoginApp" */ = {
			isa = XCConfigurationList;
			buildConfigurations = (
				44DDF8421DF552860076B541 /* Debug */,
				44DDF8431DF552860076B541 /* Release */,
			);
			defaultConfigurationIsVisible = 0;
			defaultConfigurationName = Release;
		};
		44DDF8441DF552860076B541 /* Build configuration list for PBXNativeTarget "FacebookLoginApp" */ = {
			isa = XCConfigurationList;
			buildConfigurations = (
				44DDF8451DF552860076B541 /* Debug */,
				44DDF8461DF552860076B541 /* Release */,
			);
			defaultConfigurationIsVisible = 0;
		};
/* End XCConfigurationList section */
	};
	rootObject = 44DDF82A1DF552860076B541 /* Project object */;
}
